
Microsoft Visual Studio Solution File, Format Version 12.00
# Visual Studio Version 17
VisualStudioVersion = 17.3.32819.101
MinimumVisualStudioVersion = 10.0.40219.1
Project("{9A19103F-16F7-4668-BE54-9A1E7A4F7556}") = "WebApp", "WebApp\WebApp.csproj", "{A7DBCE5F-074D-4837-A31A-1329C0489F31}"
EndProject
Project("{9A19103F-16F7-4668-BE54-9A1E7A4F7556}") = "Application", "Application\Application.csproj", "{9B9C1382-7599-4C72-ADC2-38F48A6ABA47}"
EndProject
Project("{9A19103F-16F7-4668-BE54-9A1E7A4F7556}") = "Domain", "Domain\Domain.csproj", "{CC6DC2CA-F1CD-4C89-BFCA-24C36AEE8D4D}"
EndProject
Project("{9A19103F-16F7-4668-BE54-9A1E7A4F7556}") = "Infrastructure", "Infrastructure\Infrastructure.csproj", "{DAD3BA69-B041-4B14-9879-CFCFDD5EF8D8}"
EndProject
Project("{FAE04EC0-301F-11D3-BF4B-00C04F79EFBC}") = "WebAppMVC", "WebAppMVC\WebAppMVC.csproj", "{D4E092FD-1D0A-4A3B-8B82-9F7CFB24C94B}"
EndProject
Global
	GlobalSection(SolutionConfigurationPlatforms) = preSolution
		Debug|Any CPU = Debug|Any CPU
		Release|Any CPU = Release|Any CPU
	EndGlobalSection
	GlobalSection(ProjectConfigurationPlatforms) = postSolution
		{A7DBCE5F-074D-4837-A31A-1329C0489F31}.Debug|Any CPU.ActiveCfg = Debug|Any CPU
		{A7DBCE5F-074D-4837-A31A-1329C0489F31}.Debug|Any CPU.Build.0 = Debug|Any CPU
		{A7DBCE5F-074D-4837-A31A-1329C0489F31}.Release|Any CPU.ActiveCfg = Release|Any CPU
		{A7DBCE5F-074D-4837-A31A-1329C0489F31}.Release|Any CPU.Build.0 = Release|Any CPU
		{9B9C1382-7599-4C72-ADC2-38F48A6ABA47}.Debug|Any CPU.ActiveCfg = Debug|Any CPU
		{9B9C1382-7599-4C72-ADC2-38F48A6ABA47}.Debug|Any CPU.Build.0 = Debug|Any CPU
		{9B9C1382-7599-4C72-ADC2-38F48A6ABA47}.Release|Any CPU.ActiveCfg = Release|Any CPU
		{9B9C1382-7599-4C72-ADC2-38F48A6ABA47}.Release|Any CPU.Build.0 = Release|Any CPU
		{CC6DC2CA-F1CD-4C89-BFCA-24C36AEE8D4D}.Debug|Any CPU.ActiveCfg = Debug|Any CPU
		{CC6DC2CA-F1CD-4C89-BFCA-24C36AEE8D4D}.Debug|Any CPU.Build.0 = Debug|Any CPU
		{CC6DC2CA-F1CD-4C89-BFCA-24C36AEE8D4D}.Release|Any CPU.ActiveCfg = Release|Any CPU
		{CC6DC2CA-F1CD-4C89-BFCA-24C36AEE8D4D}.Release|Any CPU.Build.0 = Release|Any CPU
		{DAD3BA69-B041-4B14-9879-CFCFDD5EF8D8}.Debug|Any CPU.ActiveCfg = Debug|Any CPU
		{DAD3BA69-B041-4B14-9879-CFCFDD5EF8D8}.Debug|Any CPU.Build.0 = Debug|Any CPU
		{DAD3BA69-B041-4B14-9879-CFCFDD5EF8D8}.Release|Any CPU.ActiveCfg = Release|Any CPU
		{DAD3BA69-B041-4B14-9879-CFCFDD5EF8D8}.Release|Any CPU.Build.0 = Release|Any CPU
		{D4E092FD-1D0A-4A3B-8B82-9F7CFB24C94B}.Debug|Any CPU.ActiveCfg = Debug|Any CPU
		{D4E092FD-1D0A-4A3B-8B82-9F7CFB24C94B}.Debug|Any CPU.Build.0 = Debug|Any CPU
		{D4E092FD-1D0A-4A3B-8B82-9F7CFB24C94B}.Release|Any CPU.ActiveCfg = Release|Any CPU
		{D4E092FD-1D0A-4A3B-8B82-9F7CFB24C94B}.Release|Any CPU.Build.0 = Release|Any CPU
	EndGlobalSection
	GlobalSection(SolutionProperties) = preSolution
		HideSolutionNode = FALSE
	EndGlobalSection
	GlobalSection(ExtensibilityGlobals) = postSolution
		SolutionGuid = {34D35C2E-2C3A-4D12-ADF7-984496A9A61F}
	EndGlobalSection
EndGlobal
